
Microsoft Visual Studio Solution File, Format Version 12.00
# Visual Studio Version 17
VisualStudioVersion = 17.7.33808.371
MinimumVisualStudioVersion = 10.0.40219.1
Project("{FAE04EC0-301F-11D3-BF4B-00C04F79EFBC}") = "AmigaDat", "AmigaDat\AmigaDat.csproj", "{B54E4A48-B65D-4743-B532-1D18B3ABDC27}"
EndProject
Global
	GlobalSection(SolutionConfigurationPlatforms) = preSolution
		Debug|Any CPU = Debug|Any CPU
		Release|Any CPU = Release|Any CPU
	EndGlobalSection
	GlobalSection(ProjectConfigurationPlatforms) = postSolution
		{B54E4A48-B65D-4743-B532-1D18B3ABDC27}.Debug|Any CPU.ActiveCfg = Debug|Any CPU
		{B54E4A48-B65D-4743-B532-1D18B3ABDC27}.Debug|Any CPU.Build.0 = Debug|Any CPU
		{B54E4A48-B65D-4743-B532-1D18B3ABDC27}.Release|Any CPU.ActiveCfg = Release|Any CPU
		{B54E4A48-B65D-4743-B532-1D18B3ABDC27}.Release|Any CPU.Build.0 = Release|Any CPU
	EndGlobalSection
	GlobalSection(SolutionProperties) = preSolution
		HideSolutionNode = FALSE
	EndGlobalSection
	GlobalSection(ExtensibilityGlobals) = postSolution
		SolutionGuid = {27C2C0EA-2756-46B8-AEBC-BC5C498EA5A7}
	EndGlobalSection
EndGlobal
